
Microsoft Visual Studio Solution File, Format Version 12.00
# Visual Studio 2015
Project("{FAE04EC0-301F-11D3-BF4B-00C04F79EFBC}") = "PatrickConnect4", "PatrickConnect4.csproj", "{8020089D-E087-CA96-B161-D3AC7AE33295}"
EndProject
Global
	GlobalSection(SolutionConfigurationPlatforms) = preSolution
		Debug|Any CPU = Debug|Any CPU
		Release|Any CPU = Release|Any CPU
	EndGlobalSection
	GlobalSection(ProjectConfigurationPlatforms) = postSolution
		{8020089D-E087-CA96-B161-D3AC7AE33295}.Debug|Any CPU.ActiveCfg = Debug|Any CPU
		{8020089D-E087-CA96-B161-D3AC7AE33295}.Debug|Any CPU.Build.0 = Debug|Any CPU
		{8020089D-E087-CA96-B161-D3AC7AE33295}.Release|Any CPU.ActiveCfg = Release|Any CPU
		{8020089D-E087-CA96-B161-D3AC7AE33295}.Release|Any CPU.Build.0 = Release|Any CPU
	EndGlobalSection
	GlobalSection(SolutionProperties) = preSolution
		HideSolutionNode = FALSE
	EndGlobalSection
EndGlobal
